
Microsoft Visual Studio Solution File, Format Version 12.00
# Visual Studio Version 16
VisualStudioVersion = 16.0.32126.315
MinimumVisualStudioVersion = 10.0.40219.1
Project("{FAE04EC0-301F-11D3-BF4B-00C04F79EFBC}") = "ILoggerTask", "ILoggerTask\ILoggerTask.csproj", "{ECD67187-62E9-4AEA-89F3-6F5450ED49B2}"
EndProject
Global
	GlobalSection(SolutionConfigurationPlatforms) = preSolution
		Debug|Any CPU = Debug|Any CPU
		Release|Any CPU = Release|Any CPU
	EndGlobalSection
	GlobalSection(ProjectConfigurationPlatforms) = postSolution
		{ECD67187-62E9-4AEA-89F3-6F5450ED49B2}.Debug|Any CPU.ActiveCfg = Debug|Any CPU
		{ECD67187-62E9-4AEA-89F3-6F5450ED49B2}.Debug|Any CPU.Build.0 = Debug|Any CPU
		{ECD67187-62E9-4AEA-89F3-6F5450ED49B2}.Release|Any CPU.ActiveCfg = Release|Any CPU
		{ECD67187-62E9-4AEA-89F3-6F5450ED49B2}.Release|Any CPU.Build.0 = Release|Any CPU
	EndGlobalSection
	GlobalSection(SolutionProperties) = preSolution
		HideSolutionNode = FALSE
	EndGlobalSection
	GlobalSection(ExtensibilityGlobals) = postSolution
		SolutionGuid = {43D1C5A2-09A6-45F9-BF79-482B6C30E223}
	EndGlobalSection
EndGlobal
